// !$*UTF8*$!
{
	archiveVersion = 1;
	classes = {
	};
	objectVersion = 56;
	objects = {

/* Begin PBXBuildFile section */
		19D921D82A8CD98300E56C7D /* TUIFlightsApp.swift in Sources */ = {isa = PBXBuildFile; fileRef = 19D921D72A8CD98300E56C7D /* TUIFlightsApp.swift */; };
		19D921DA2A8CD98300E56C7D /* ContentView.swift in Sources */ = {isa = PBXBuildFile; fileRef = 19D921D92A8CD98300E56C7D /* ContentView.swift */; };
		19D921DC2A8CD98400E56C7D /* Assets.xcassets in Resources */ = {isa = PBXBuildFile; fileRef = 19D921DB2A8CD98400E56C7D /* Assets.xcassets */; };
		19D921DF2A8CD98400E56C7D /* Preview Assets.xcassets in Resources */ = {isa = PBXBuildFile; fileRef = 19D921DE2A8CD98400E56C7D /* Preview Assets.xcassets */; };
		19D921E92A8CD98400E56C7D /* TUIFlightsTests.swift in Sources */ = {isa = PBXBuildFile; fileRef = 19D921E82A8CD98400E56C7D /* TUIFlightsTests.swift */; };
		19D921F32A8CD98400E56C7D /* TUIFlightsUITests.swift in Sources */ = {isa = PBXBuildFile; fileRef = 19D921F22A8CD98400E56C7D /* TUIFlightsUITests.swift */; };
		19D921F52A8CD98400E56C7D /* TUIFlightsUITestsLaunchTests.swift in Sources */ = {isa = PBXBuildFile; fileRef = 19D921F42A8CD98400E56C7D /* TUIFlightsUITestsLaunchTests.swift */; };
		19D922032A8CD9DA00E56C7D /* TUIFlightsViewModelTests.swift in Sources */ = {isa = PBXBuildFile; fileRef = 19D922022A8CD9DA00E56C7D /* TUIFlightsViewModelTests.swift */; };
/* End PBXBuildFile section */

/* Begin PBXContainerItemProxy section */
		19D921E52A8CD98400E56C7D /* PBXContainerItemProxy */ = {
			isa = PBXContainerItemProxy;
			containerPortal = 19D921CC2A8CD98300E56C7D /* Project object */;
			proxyType = 1;
			remoteGlobalIDString = 19D921D32A8CD98300E56C7D;
			remoteInfo = TUIFlights;
		};
		19D921EF2A8CD98400E56C7D /* PBXContainerItemProxy */ = {
			isa = PBXContainerItemProxy;
			containerPortal = 19D921CC2A8CD98300E56C7D /* Project object */;
			proxyType = 1;
			remoteGlobalIDString = 19D921D32A8CD98300E56C7D;
			remoteInfo = TUIFlights;
		};
/* End PBXContainerItemProxy section */

/* Begin PBXFileReference section */
		19D921D42A8CD98300E56C7D /* TUIFlights.app */ = {isa = PBXFileReference; explicitFileType = wrapper.application; includeInIndex = 0; path = TUIFlights.app; sourceTree = BUILT_PRODUCTS_DIR; };
		19D921D72A8CD98300E56C7D /* TUIFlightsApp.swift */ = {isa = PBXFileReference; lastKnownFileType = sourcecode.swift; path = TUIFlightsApp.swift; sourceTree = "<group>"; };
		19D921D92A8CD98300E56C7D /* ContentView.swift */ = {isa = PBXFileReference; lastKnownFileType = sourcecode.swift; path = ContentView.swift; sourceTree = "<group>"; };
		19D921DB2A8CD98400E56C7D /* Assets.xcassets */ = {isa = PBXFileReference; lastKnownFileType = folder.assetcatalog; path = Assets.xcassets; sourceTree = "<group>"; };
		19D921DE2A8CD98400E56C7D /* Preview Assets.xcassets */ = {isa = PBXFileReference; lastKnownFileType = folder.assetcatalog; path = "Preview Assets.xcassets"; sourceTree = "<group>"; };
		19D921E42A8CD98400E56C7D /* TUIFlightsTests.xctest */ = {isa = PBXFileReference; explicitFileType = wrapper.cfbundle; includeInIndex = 0; path = TUIFlightsTests.xctest; sourceTree = BUILT_PRODUCTS_DIR; };
		19D921E82A8CD98400E56C7D /* TUIFlightsTests.swift */ = {isa = PBXFileReference; lastKnownFileType = sourcecode.swift; path = TUIFlightsTests.swift; sourceTree = "<group>"; };
		19D921EE2A8CD98400E56C7D /* TUIFlightsUITests.xctest */ = {isa = PBXFileReference; explicitFileType = wrapper.cfbundle; includeInIndex = 0; path = TUIFlightsUITests.xctest; sourceTree = BUILT_PRODUCTS_DIR; };
		19D921F22A8CD98400E56C7D /* TUIFlightsUITests.swift */ = {isa = PBXFileReference; lastKnownFileType = sourcecode.swift; path = TUIFlightsUITests.swift; sourceTree = "<group>"; };
		19D921F42A8CD98400E56C7D /* TUIFlightsUITestsLaunchTests.swift */ = {isa = PBXFileReference; lastKnownFileType = sourcecode.swift; path = TUIFlightsUITestsLaunchTests.swift; sourceTree = "<group>"; };
		19D922022A8CD9DA00E56C7D /* TUIFlightsViewModelTests.swift */ = {isa = PBXFileReference; lastKnownFileType = sourcecode.swift; path = TUIFlightsViewModelTests.swift; sourceTree = "<group>"; };
/* End PBXFileReference section */

/* Begin PBXFrameworksBuildPhase section */
		19D921D12A8CD98300E56C7D /* Frameworks */ = {
			isa = PBXFrameworksBuildPhase;
			buildActionMask = 2147483647;
			files = (
			);
			runOnlyForDeploymentPostprocessing = 0;
		};
		19D921E12A8CD98400E56C7D /* Frameworks */ = {
			isa = PBXFrameworksBuildPhase;
			buildActionMask = 2147483647;
			files = (
			);
			runOnlyForDeploymentPostprocessing = 0;
		};
		19D921EB2A8CD98400E56C7D /* Frameworks */ = {
			isa = PBXFrameworksBuildPhase;
			buildActionMask = 2147483647;
			files = (
			);
			runOnlyForDeploymentPostprocessing = 0;
		};
/* End PBXFrameworksBuildPhase section */

/* Begin PBXGroup section */
		19D921CB2A8CD98300E56C7D = {
			isa = PBXGroup;
			children = (
				19D921D62A8CD98300E56C7D /* TUIFlights */,
				19D921E72A8CD98400E56C7D /* TUIFlightsTests */,
				19D921F12A8CD98400E56C7D /* TUIFlightsUITests */,
				19D921D52A8CD98300E56C7D /* Products */,
			);
			sourceTree = "<group>";
		};
		19D921D52A8CD98300E56C7D /* Products */ = {
			isa = PBXGroup;
			children = (
				19D921D42A8CD98300E56C7D /* TUIFlights.app */,
				19D921E42A8CD98400E56C7D /* TUIFlightsTests.xctest */,
				19D921EE2A8CD98400E56C7D /* TUIFlightsUITests.xctest */,
			);
			name = Products;
			sourceTree = "<group>";
		};
		19D921D62A8CD98300E56C7D /* TUIFlights */ = {
			isa = PBXGroup;
			children = (
				19D921D72A8CD98300E56C7D /* TUIFlightsApp.swift */,
				19D921D92A8CD98300E56C7D /* ContentView.swift */,
				19D921DB2A8CD98400E56C7D /* Assets.xcassets */,
				19D921DD2A8CD98400E56C7D /* Preview Content */,
			);
			path = TUIFlights;
			sourceTree = "<group>";
		};
		19D921DD2A8CD98400E56C7D /* Preview Content */ = {
			isa = PBXGroup;
			children = (
				19D921DE2A8CD98400E56C7D /* Preview Assets.xcassets */,
			);
			path = "Preview Content";
			sourceTree = "<group>";
		};
		19D921E72A8CD98400E56C7D /* TUIFlightsTests */ = {
			isa = PBXGroup;
			children = (
				19D922012A8CD9A500E56C7D /* ViewModels */,
				19D921E82A8CD98400E56C7D /* TUIFlightsTests.swift */,
			);
			path = TUIFlightsTests;
			sourceTree = "<group>";
		};
		19D921F12A8CD98400E56C7D /* TUIFlightsUITests */ = {
			isa = PBXGroup;
			children = (
				19D921F22A8CD98400E56C7D /* TUIFlightsUITests.swift */,
				19D921F42A8CD98400E56C7D /* TUIFlightsUITestsLaunchTests.swift */,
			);
			path = TUIFlightsUITests;
			sourceTree = "<group>";
		};
		19D922012A8CD9A500E56C7D /* ViewModels */ = {
			isa = PBXGroup;
			children = (
				19D922022A8CD9DA00E56C7D /* TUIFlightsViewModelTests.swift */,
			);
			path = ViewModels;
			sourceTree = "<group>";
		};
/* End PBXGroup section */

/* Begin PBXNativeTarget section */
		19D921D32A8CD98300E56C7D /* TUIFlights */ = {
			isa = PBXNativeTarget;
			buildConfigurationList = 19D921F82A8CD98400E56C7D /* Build configuration list for PBXNativeTarget "TUIFlights" */;
			buildPhases = (
				19D921D02A8CD98300E56C7D /* Sources */,
				19D921D12A8CD98300E56C7D /* Frameworks */,
				19D921D22A8CD98300E56C7D /* Resources */,
			);
			buildRules = (
			);
			dependencies = (
			);
			name = TUIFlights;
			productName = TUIFlights;
			productReference = 19D921D42A8CD98300E56C7D /* TUIFlights.app */;
			productType = "com.apple.product-type.application";
		};
		19D921E32A8CD98400E56C7D /* TUIFlightsTests */ = {
			isa = PBXNativeTarget;
			buildConfigurationList = 19D921FB2A8CD98400E56C7D /* Build configuration list for PBXNativeTarget "TUIFlightsTests" */;
			buildPhases = (
				19D921E02A8CD98400E56C7D /* Sources */,
				19D921E12A8CD98400E56C7D /* Frameworks */,
				19D921E22A8CD98400E56C7D /* Resources */,
			);
			buildRules = (
			);
			dependencies = (
				19D921E62A8CD98400E56C7D /* PBXTargetDependency */,
			);
			name = TUIFlightsTests;
			productName = TUIFlightsTests;
			productReference = 19D921E42A8CD98400E56C7D /* TUIFlightsTests.xctest */;
			productType = "com.apple.product-type.bundle.unit-test";
		};
		19D921ED2A8CD98400E56C7D /* TUIFlightsUITests */ = {
			isa = PBXNativeTarget;
			buildConfigurationList = 19D921FE2A8CD98400E56C7D /* Build configuration list for PBXNativeTarget "TUIFlightsUITests" */;
			buildPhases = (
				19D921EA2A8CD98400E56C7D /* Sources */,
				19D921EB2A8CD98400E56C7D /* Frameworks */,
				19D921EC2A8CD98400E56C7D /* Resources */,
			);
			buildRules = (
			);
			dependencies = (
				19D921F02A8CD98400E56C7D /* PBXTargetDependency */,
			);
			name = TUIFlightsUITests;
			productName = TUIFlightsUITests;
			productReference = 19D921EE2A8CD98400E56C7D /* TUIFlightsUITests.xctest */;
			productType = "com.apple.product-type.bundle.ui-testing";
		};
/* End PBXNativeTarget section */

/* Begin PBXProject section */
		19D921CC2A8CD98300E56C7D /* Project object */ = {
			isa = PBXProject;
			attributes = {
				BuildIndependentTargetsInParallel = 1;
				LastSwiftUpdateCheck = 1430;
				LastUpgradeCheck = 1430;
				TargetAttributes = {
					19D921D32A8CD98300E56C7D = {
						CreatedOnToolsVersion = 14.3;
					};
					19D921E32A8CD98400E56C7D = {
						CreatedOnToolsVersion = 14.3;
						TestTargetID = 19D921D32A8CD98300E56C7D;
					};
					19D921ED2A8CD98400E56C7D = {
						CreatedOnToolsVersion = 14.3;
						TestTargetID = 19D921D32A8CD98300E56C7D;
					};
				};
			};
			buildConfigurationList = 19D921CF2A8CD98300E56C7D /* Build configuration list for PBXProject "TUIFlights" */;
			compatibilityVersion = "Xcode 14.0";
			developmentRegion = en;
			hasScannedForEncodings = 0;
			knownRegions = (
				en,
				Base,
			);
			mainGroup = 19D921CB2A8CD98300E56C7D;
			productRefGroup = 19D921D52A8CD98300E56C7D /* Products */;
			projectDirPath = "";
			projectRoot = "";
			targets = (
				19D921D32A8CD98300E56C7D /* TUIFlights */,
				19D921E32A8CD98400E56C7D /* TUIFlightsTests */,
				19D921ED2A8CD98400E56C7D /* TUIFlightsUITests */,
			);
		};
/* End PBXProject section */

/* Begin PBXResourcesBuildPhase section */
		19D921D22A8CD98300E56C7D /* Resources */ = {
			isa = PBXResourcesBuildPhase;
			buildActionMask = 2147483647;
			files = (
				19D921DF2A8CD98400E56C7D /* Preview Assets.xcassets in Resources */,
				19D921DC2A8CD98400E56C7D /* Assets.xcassets in Resources */,
			);
			runOnlyForDeploymentPostprocessing = 0;
		};
		19D921E22A8CD98400E56C7D /* Resources */ = {
			isa = PBXResourcesBuildPhase;
			buildActionMask = 2147483647;
			files = (
			);
			runOnlyForDeploymentPostprocessing = 0;
		};
		19D921EC2A8CD98400E56C7D /* Resources */ = {
			isa = PBXResourcesBuildPhase;
			buildActionMask = 2147483647;
			files = (
			);
			runOnlyForDeploymentPostprocessing = 0;
		};
/* End PBXResourcesBuildPhase section */

/* Begin PBXSourcesBuildPhase section */
		19D921D02A8CD98300E56C7D /* Sources */ = {
			isa = PBXSourcesBuildPhase;
			buildActionMask = 2147483647;
			files = (
				19D921DA2A8CD98300E56C7D /* ContentView.swift in Sources */,
				19D921D82A8CD98300E56C7D /* TUIFlightsApp.swift in Sources */,
			);
			runOnlyForDeploymentPostprocessing = 0;
		};
		19D921E02A8CD98400E56C7D /* Sources */ = {
			isa = PBXSourcesBuildPhase;
			buildActionMask = 2147483647;
			files = (
				19D921E92A8CD98400E56C7D /* TUIFlightsTests.swift in Sources */,
				19D922032A8CD9DA00E56C7D /* TUIFlightsViewModelTests.swift in Sources */,
			);
			runOnlyForDeploymentPostprocessing = 0;
		};
		19D921EA2A8CD98400E56C7D /* Sources */ = {
			isa = PBXSourcesBuildPhase;
			buildActionMask = 2147483647;
			files = (
				19D921F32A8CD98400E56C7D /* TUIFlightsUITests.swift in Sources */,
				19D921F52A8CD98400E56C7D /* TUIFlightsUITestsLaunchTests.swift in Sources */,
			);
			runOnlyForDeploymentPostprocessing = 0;
		};
/* End PBXSourcesBuildPhase section */

/* Begin PBXTargetDependency section */
		19D921E62A8CD98400E56C7D /* PBXTargetDependency */ = {
			isa = PBXTargetDependency;
			target = 19D921D32A8CD98300E56C7D /* TUIFlights */;
			targetProxy = 19D921E52A8CD98400E56C7D /* PBXContainerItemProxy */;
		};
		19D921F02A8CD98400E56C7D /* PBXTargetDependency */ = {
			isa = PBXTargetDependency;
			target = 19D921D32A8CD98300E56C7D /* TUIFlights */;
			targetProxy = 19D921EF2A8CD98400E56C7D /* PBXContainerItemProxy */;
		};
/* End PBXTargetDependency section */

/* Begin XCBuildConfiguration section */
		19D921F62A8CD98400E56C7D /* Debug */ = {
			isa = XCBuildConfiguration;
			buildSettings = {
				ALWAYS_SEARCH_USER_PATHS = NO;
				CLANG_ANALYZER_NONNULL = YES;
				CLANG_ANALYZER_NUMBER_OBJECT_CONVERSION = YES_AGGRESSIVE;
				CLANG_CXX_LANGUAGE_STANDARD = "gnu++20";
				CLANG_ENABLE_MODULES = YES;
				CLANG_ENABLE_OBJC_ARC = YES;
				CLANG_ENABLE_OBJC_WEAK = YES;
				CLANG_WARN_BLOCK_CAPTURE_AUTORELEASING = YES;
				CLANG_WARN_BOOL_CONVERSION = YES;
				CLANG_WARN_COMMA = YES;
				CLANG_WARN_CONSTANT_CONVERSION = YES;
				CLANG_WARN_DEPRECATED_OBJC_IMPLEMENTATIONS = YES;
				CLANG_WARN_DIRECT_OBJC_ISA_USAGE = YES_ERROR;
				CLANG_WARN_DOCUMENTATION_COMMENTS = YES;
				CLANG_WARN_EMPTY_BODY = YES;
				CLANG_WARN_ENUM_CONVERSION = YES;
				CLANG_WARN_INFINITE_RECURSION = YES;
				CLANG_WARN_INT_CONVERSION = YES;
				CLANG_WARN_NON_LITERAL_NULL_CONVERSION = YES;
				CLANG_WARN_OBJC_IMPLICIT_RETAIN_SELF = YES;
				CLANG_WARN_OBJC_LITERAL_CONVERSION = YES;
				CLANG_WARN_OBJC_ROOT_CLASS = YES_ERROR;
				CLANG_WARN_QUOTED_INCLUDE_IN_FRAMEWORK_HEADER = YES;
				CLANG_WARN_RANGE_LOOP_ANALYSIS = YES;
				CLANG_WARN_STRICT_PROTOTYPES = YES;
				CLANG_WARN_SUSPICIOUS_MOVE = YES;
				CLANG_WARN_UNGUARDED_AVAILABILITY = YES_AGGRESSIVE;
				CLANG_WARN_UNREACHABLE_CODE = YES;
				CLANG_WARN__DUPLICATE_METHOD_MATCH = YES;
				COPY_PHASE_STRIP = NO;
				DEBUG_INFORMATION_FORMAT = dwarf;
				ENABLE_STRICT_OBJC_MSGSEND = YES;
				ENABLE_TESTABILITY = YES;
				GCC_C_LANGUAGE_STANDARD = gnu11;
				GCC_DYNAMIC_NO_PIC = NO;
				GCC_NO_COMMON_BLOCKS = YES;
				GCC_OPTIMIZATION_LEVEL = 0;
				GCC_PREPROCESSOR_DEFINITIONS = (
					"DEBUG=1",
					"$(inherited)",
				);
				GCC_WARN_64_TO_32_BIT_CONVERSION = YES;
				GCC_WARN_ABOUT_RETURN_TYPE = YES_ERROR;
				GCC_WARN_UNDECLARED_SELECTOR = YES;
				GCC_WARN_UNINITIALIZED_AUTOS = YES_AGGRESSIVE;
				GCC_WARN_UNUSED_FUNCTION = YES;
				GCC_WARN_UNUSED_VARIABLE = YES;
				IPHONEOS_DEPLOYMENT_TARGET = 16.4;
				MTL_ENABLE_DEBUG_INFO = INCLUDE_SOURCE;
				MTL_FAST_MATH = YES;
				ONLY_ACTIVE_ARCH = YES;
				SDKROOT = iphoneos;
				SWIFT_ACTIVE_COMPILATION_CONDITIONS = DEBUG;
				SWIFT_OPTIMIZATION_LEVEL = "-Onone";
			};
			name = Debug;
		};
		19D921F72A8CD98400E56C7D /* Release */ = {
			isa = XCBuildConfiguration;
			buildSettings = {
				ALWAYS_SEARCH_USER_PATHS = NO;
				CLANG_ANALYZER_NONNULL = YES;
				CLANG_ANALYZER_NUMBER_OBJECT_CONVERSION = YES_AGGRESSIVE;
				CLANG_CXX_LANGUAGE_STANDARD = "gnu++20";
				CLANG_ENABLE_MODULES = YES;
				CLANG_ENABLE_OBJC_ARC = YES;
				CLANG_ENABLE_OBJC_WEAK = YES;
				CLANG_WARN_BLOCK_CAPTURE_AUTORELEASING = YES;
				CLANG_WARN_BOOL_CONVERSION = YES;
				CLANG_WARN_COMMA = YES;
				CLANG_WARN_CONSTANT_CONVERSION = YES;
				CLANG_WARN_DEPRECATED_OBJC_IMPLEMENTATIONS = YES;
				CLANG_WARN_DIRECT_OBJC_ISA_USAGE = YES_ERROR;
				CLANG_WARN_DOCUMENTATION_COMMENTS = YES;
				CLANG_WARN_EMPTY_BODY = YES;
				CLANG_WARN_ENUM_CONVERSION = YES;
				CLANG_WARN_INFINITE_RECURSION = YES;
				CLANG_WARN_INT_CONVERSION = YES;
				CLANG_WARN_NON_LITERAL_NULL_CONVERSION = YES;
				CLANG_WARN_OBJC_IMPLICIT_RETAIN_SELF = YES;
				CLANG_WARN_OBJC_LITERAL_CONVERSION = YES;
				CLANG_WARN_OBJC_ROOT_CLASS = YES_ERROR;
				CLANG_WARN_QUOTED_INCLUDE_IN_FRAMEWORK_HEADER = YES;
				CLANG_WARN_RANGE_LOOP_ANALYSIS = YES;
				CLANG_WARN_STRICT_PROTOTYPES = YES;
				CLANG_WARN_SUSPICIOUS_MOVE = YES;
				CLANG_WARN_UNGUARDED_AVAILABILITY = YES_AGGRESSIVE;
				CLANG_WARN_UNREACHABLE_CODE = YES;
				CLANG_WARN__DUPLICATE_METHOD_MATCH = YES;
				COPY_PHASE_STRIP = NO;
				DEBUG_INFORMATION_FORMAT = "dwarf-with-dsym";
				ENABLE_NS_ASSERTIONS = NO;
				ENABLE_STRICT_OBJC_MSGSEND = YES;
				GCC_C_LANGUAGE_STANDARD = gnu11;
				GCC_NO_COMMON_BLOCKS = YES;
				GCC_WARN_64_TO_32_BIT_CONVERSION = YES;
				GCC_WARN_ABOUT_RETURN_TYPE = YES_ERROR;
				GCC_WARN_UNDECLARED_SELECTOR = YES;
				GCC_WARN_UNINITIALIZED_AUTOS = YES_AGGRESSIVE;
				GCC_WARN_UNUSED_FUNCTION = YES;
				GCC_WARN_UNUSED_VARIABLE = YES;
				IPHONEOS_DEPLOYMENT_TARGET = 16.4;
				MTL_ENABLE_DEBUG_INFO = NO;
				MTL_FAST_MATH = YES;
				SDKROOT = iphoneos;
				SWIFT_COMPILATION_MODE = wholemodule;
				SWIFT_OPTIMIZATION_LEVEL = "-O";
				VALIDATE_PRODUCT = YES;
			};
			name = Release;
		};
		19D921F92A8CD98400E56C7D /* Debug */ = {
			isa = XCBuildConfiguration;
			buildSettings = {
				ASSETCATALOG_COMPILER_APPICON_NAME = AppIcon;
				ASSETCATALOG_COMPILER_GLOBAL_ACCENT_COLOR_NAME = AccentColor;
				CODE_SIGN_STYLE = Automatic;
				CURRENT_PROJECT_VERSION = 1;
				DEVELOPMENT_ASSET_PATHS = "\"TUIFlights/Preview Content\"";
				DEVELOPMENT_TEAM = 7K28YK2JUX;
				ENABLE_PREVIEWS = YES;
				GENERATE_INFOPLIST_FILE = YES;
				INFOPLIST_KEY_UIApplicationSceneManifest_Generation = YES;
				INFOPLIST_KEY_UIApplicationSupportsIndirectInputEvents = YES;
				INFOPLIST_KEY_UILaunchScreen_Generation = YES;
				INFOPLIST_KEY_UISupportedInterfaceOrientations_iPad = "UIInterfaceOrientationPortrait UIInterfaceOrientationPortraitUpsideDown UIInterfaceOrientationLandscapeLeft UIInterfaceOrientationLandscapeRight";
				INFOPLIST_KEY_UISupportedInterfaceOrientations_iPhone = "UIInterfaceOrientationPortrait UIInterfaceOrientationLandscapeLeft UIInterfaceOrientationLandscapeRight";
				LD_RUNPATH_SEARCH_PATHS = (
					"$(inherited)",
					"@executable_path/Frameworks",
				);
				MARKETING_VERSION = 1.0;
				PRODUCT_BUNDLE_IDENTIFIER = com.asfcarvalho.TUIFlights;
				PRODUCT_NAME = "$(TARGET_NAME)";
				SWIFT_EMIT_LOC_STRINGS = YES;
				SWIFT_VERSION = 5.0;
				TARGETED_DEVICE_FAMILY = "1,2";
			};
			name = Debug;
		};
		19D921FA2A8CD98400E56C7D /* Release */ = {
			isa = XCBuildConfiguration;
			buildSettings = {
				ASSETCATALOG_COMPILER_APPICON_NAME = AppIcon;
				ASSETCATALOG_COMPILER_GLOBAL_ACCENT_COLOR_NAME = AccentColor;
				CODE_SIGN_STYLE = Automatic;
				CURRENT_PROJECT_VERSION = 1;
				DEVELOPMENT_ASSET_PATHS = "\"TUIFlights/Preview Content\"";
				DEVELOPMENT_TEAM = 7K28YK2JUX;
				ENABLE_PREVIEWS = YES;
				GENERATE_INFOPLIST_FILE = YES;
				INFOPLIST_KEY_UIApplicationSceneManifest_Generation = YES;
				INFOPLIST_KEY_UIApplicationSupportsIndirectInputEvents = YES;
				INFOPLIST_KEY_UILaunchScreen_Generation = YES;
				INFOPLIST_KEY_UISupportedInterfaceOrientations_iPad = "UIInterfaceOrientationPortrait UIInterfaceOrientationPortraitUpsideDown UIInterfaceOrientationLandscapeLeft UIInterfaceOrientationLandscapeRight";
				INFOPLIST_KEY_UISupportedInterfaceOrientations_iPhone = "UIInterfaceOrientationPortrait UIInterfaceOrientationLandscapeLeft UIInterfaceOrientationLandscapeRight";
				LD_RUNPATH_SEARCH_PATHS = (
					"$(inherited)",
					"@executable_path/Frameworks",
				);
				MARKETING_VERSION = 1.0;
				PRODUCT_BUNDLE_IDENTIFIER = com.asfcarvalho.TUIFlights;
				PRODUCT_NAME = "$(TARGET_NAME)";
				SWIFT_EMIT_LOC_STRINGS = YES;
				SWIFT_VERSION = 5.0;
				TARGETED_DEVICE_FAMILY = "1,2";
			};
			name = Release;
		};
		19D921FC2A8CD98400E56C7D /* Debug */ = {
			isa = XCBuildConfiguration;
			buildSettings = {
				ALWAYS_EMBED_SWIFT_STANDARD_LIBRARIES = YES;
				BUNDLE_LOADER = "$(TEST_HOST)";
				CODE_SIGN_STYLE = Automatic;
				CURRENT_PROJECT_VERSION = 1;
				DEVELOPMENT_TEAM = 7K28YK2JUX;
				GENERATE_INFOPLIST_FILE = YES;
				IPHONEOS_DEPLOYMENT_TARGET = 16.4;
				MARKETING_VERSION = 1.0;
				PRODUCT_BUNDLE_IDENTIFIER = com.asfcarvalho.TUIFlightsTests;
				PRODUCT_NAME = "$(TARGET_NAME)";
				SWIFT_EMIT_LOC_STRINGS = NO;
				SWIFT_VERSION = 5.0;
				TARGETED_DEVICE_FAMILY = "1,2";
				TEST_HOST = "$(BUILT_PRODUCTS_DIR)/TUIFlights.app/$(BUNDLE_EXECUTABLE_FOLDER_PATH)/TUIFlights";
			};
			name = Debug;
		};
		19D921FD2A8CD98400E56C7D /* Release */ = {
			isa = XCBuildConfiguration;
			buildSettings = {
				ALWAYS_EMBED_SWIFT_STANDARD_LIBRARIES = YES;
				BUNDLE_LOADER = "$(TEST_HOST)";
				CODE_SIGN_STYLE = Automatic;
				CURRENT_PROJECT_VERSION = 1;
				DEVELOPMENT_TEAM = 7K28YK2JUX;
				GENERATE_INFOPLIST_FILE = YES;
				IPHONEOS_DEPLOYMENT_TARGET = 16.4;
				MARKETING_VERSION = 1.0;
				PRODUCT_BUNDLE_IDENTIFIER = com.asfcarvalho.TUIFlightsTests;
				PRODUCT_NAME = "$(TARGET_NAME)";
				SWIFT_EMIT_LOC_STRINGS = NO;
				SWIFT_VERSION = 5.0;
				TARGETED_DEVICE_FAMILY = "1,2";
				TEST_HOST = "$(BUILT_PRODUCTS_DIR)/TUIFlights.app/$(BUNDLE_EXECUTABLE_FOLDER_PATH)/TUIFlights";
			};
			name = Release;
		};
		19D921FF2A8CD98400E56C7D /* Debug */ = {
			isa = XCBuildConfiguration;
			buildSettings = {
				ALWAYS_EMBED_SWIFT_STANDARD_LIBRARIES = YES;
				CODE_SIGN_STYLE = Automatic;
				CURRENT_PROJECT_VERSION = 1;
				DEVELOPMENT_TEAM = 7K28YK2JUX;
				GENERATE_INFOPLIST_FILE = YES;
				MARKETING_VERSION = 1.0;
				PRODUCT_BUNDLE_IDENTIFIER = com.asfcarvalho.TUIFlightsUITests;
				PRODUCT_NAME = "$(TARGET_NAME)";
				SWIFT_EMIT_LOC_STRINGS = NO;
				SWIFT_VERSION = 5.0;
				TARGETED_DEVICE_FAMILY = "1,2";
				TEST_TARGET_NAME = TUIFlights;
			};
			name = Debug;
		};
		19D922002A8CD98400E56C7D /* Release */ = {
			isa = XCBuildConfiguration;
			buildSettings = {
				ALWAYS_EMBED_SWIFT_STANDARD_LIBRARIES = YES;
				CODE_SIGN_STYLE = Automatic;
				CURRENT_PROJECT_VERSION = 1;
				DEVELOPMENT_TEAM = 7K28YK2JUX;
				GENERATE_INFOPLIST_FILE = YES;
				MARKETING_VERSION = 1.0;
				PRODUCT_BUNDLE_IDENTIFIER = com.asfcarvalho.TUIFlightsUITests;
				PRODUCT_NAME = "$(TARGET_NAME)";
				SWIFT_EMIT_LOC_STRINGS = NO;
				SWIFT_VERSION = 5.0;
				TARGETED_DEVICE_FAMILY = "1,2";
				TEST_TARGET_NAME = TUIFlights;
			};
			name = Release;
		};
/* End XCBuildConfiguration section */

/* Begin XCConfigurationList section */
		19D921CF2A8CD98300E56C7D /* Build configuration list for PBXProject "TUIFlights" */ = {
			isa = XCConfigurationList;
			buildConfigurations = (
				19D921F62A8CD98400E56C7D /* Debug */,
				19D921F72A8CD98400E56C7D /* Release */,
			);
			defaultConfigurationIsVisible = 0;
			defaultConfigurationName = Release;
		};
		19D921F82A8CD98400E56C7D /* Build configuration list for PBXNativeTarget "TUIFlights" */ = {
			isa = XCConfigurationList;
			buildConfigurations = (
				19D921F92A8CD98400E56C7D /* Debug */,
				19D921FA2A8CD98400E56C7D /* Release */,
			);
			defaultConfigurationIsVisible = 0;
			defaultConfigurationName = Release;
		};
		19D921FB2A8CD98400E56C7D /* Build configuration list for PBXNativeTarget "TUIFlightsTests" */ = {
			isa = XCConfigurationList;
			buildConfigurations = (
				19D921FC2A8CD98400E56C7D /* Debug */,
				19D921FD2A8CD98400E56C7D /* Release */,
			);
			defaultConfigurationIsVisible = 0;
			defaultConfigurationName = Release;
		};
		19D921FE2A8CD98400E56C7D /* Build configuration list for PBXNativeTarget "TUIFlightsUITests" */ = {
			isa = XCConfigurationList;
			buildConfigurations = (
				19D921FF2A8CD98400E56C7D /* Debug */,
				19D922002A8CD98400E56C7D /* Release */,
			);
			defaultConfigurationIsVisible = 0;
			defaultConfigurationName = Release;
		};
/* End XCConfigurationList section */
	};
	rootObject = 19D921CC2A8CD98300E56C7D /* Project object */;
}
